
Microsoft Visual Studio Solution File, Format Version 12.00
# Visual Studio Version 17
VisualStudioVersion = 17.9.34701.34
MinimumVisualStudioVersion = 10.0.40219.1
Project("{FAE04EC0-301F-11D3-BF4B-00C04F79EFBC}") = "RTS-Hydro", "RTS-Hydro\RTS-Hydro.csproj", "{96DE90D1-F7F3-45BD-989D-5A902018CC04}"
EndProject
Global
	GlobalSection(SolutionConfigurationPlatforms) = preSolution
		Debug|Any CPU = Debug|Any CPU
		Release|Any CPU = Release|Any CPU
	EndGlobalSection
	GlobalSection(ProjectConfigurationPlatforms) = postSolution
		{96DE90D1-F7F3-45BD-989D-5A902018CC04}.Debug|Any CPU.ActiveCfg = Debug|Any CPU
		{96DE90D1-F7F3-45BD-989D-5A902018CC04}.Debug|Any CPU.Build.0 = Debug|Any CPU
		{96DE90D1-F7F3-45BD-989D-5A902018CC04}.Release|Any CPU.ActiveCfg = Release|Any CPU
		{96DE90D1-F7F3-45BD-989D-5A902018CC04}.Release|Any CPU.Build.0 = Release|Any CPU
	EndGlobalSection
	GlobalSection(SolutionProperties) = preSolution
		HideSolutionNode = FALSE
	EndGlobalSection
	GlobalSection(ExtensibilityGlobals) = postSolution
		SolutionGuid = {0ED9A74A-D0EB-404E-A54C-89EA3635F31D}
	EndGlobalSection
EndGlobal
